
Microsoft Visual Studio Solution File, Format Version 12.00
# Visual Studio Version 17
VisualStudioVersion = 17.14.37216.2 d17.14
MinimumVisualStudioVersion = 10.0.40219.1
Project("{FAE04EC0-301F-11D3-BF4B-00C04F79EFBC}") = "BuyMyBooks", "BuyMyBooks\BuyMyBooks.csproj", "{7D749880-DD4B-4926-BD11-A6805CC9BBF2}"
EndProject
Global
	GlobalSection(SolutionConfigurationPlatforms) = preSolution
		Debug|Any CPU = Debug|Any CPU
		Release|Any CPU = Release|Any CPU
	EndGlobalSection
	GlobalSection(ProjectConfigurationPlatforms) = postSolution
		{7D749880-DD4B-4926-BD11-A6805CC9BBF2}.Debug|Any CPU.ActiveCfg = Debug|Any CPU
		{7D749880-DD4B-4926-BD11-A6805CC9BBF2}.Debug|Any CPU.Build.0 = Debug|Any CPU
		{7D749880-DD4B-4926-BD11-A6805CC9BBF2}.Release|Any CPU.ActiveCfg = Release|Any CPU
		{7D749880-DD4B-4926-BD11-A6805CC9BBF2}.Release|Any CPU.Build.0 = Release|Any CPU
	EndGlobalSection
	GlobalSection(SolutionProperties) = preSolution
		HideSolutionNode = FALSE
	EndGlobalSection
	GlobalSection(ExtensibilityGlobals) = postSolution
		SolutionGuid = {8DD2BF77-01C9-41C4-A640-85762203560C}
	EndGlobalSection
EndGlobal
